
Microsoft Visual Studio Solution File, Format Version 12.00
# Visual Studio Version 17
VisualStudioVersion = 17.0.31903.59
MinimumVisualStudioVersion = 10.0.40219.1
Project("{FAE04EC0-301F-11D3-BF4B-00C04F79EFBC}") = "MockAuthProvider", "MockAuthProvider\MockAuthProvider.csproj", "{B7108450-0E7D-463C-9216-47AFA3EE0CA1}"
EndProject
Project("{FAE04EC0-301F-11D3-BF4B-00C04F79EFBC}") = "MockAuthProvider.Test", "MockAuthProvider.Test\MockAuthProvider.Test.csproj", "{589D03F1-A0D1-4421-ABEC-7F5D921AC409}"
EndProject
Global
	GlobalSection(SolutionConfigurationPlatforms) = preSolution
		Debug|Any CPU = Debug|Any CPU
		Release|Any CPU = Release|Any CPU
	EndGlobalSection
	GlobalSection(SolutionProperties) = preSolution
		HideSolutionNode = FALSE
	EndGlobalSection
	GlobalSection(ProjectConfigurationPlatforms) = postSolution
		{B7108450-0E7D-463C-9216-47AFA3EE0CA1}.Debug|Any CPU.ActiveCfg = Debug|Any CPU
		{B7108450-0E7D-463C-9216-47AFA3EE0CA1}.Debug|Any CPU.Build.0 = Debug|Any CPU
		{B7108450-0E7D-463C-9216-47AFA3EE0CA1}.Release|Any CPU.ActiveCfg = Release|Any CPU
		{B7108450-0E7D-463C-9216-47AFA3EE0CA1}.Release|Any CPU.Build.0 = Release|Any CPU
		{589D03F1-A0D1-4421-ABEC-7F5D921AC409}.Debug|Any CPU.ActiveCfg = Debug|Any CPU
		{589D03F1-A0D1-4421-ABEC-7F5D921AC409}.Debug|Any CPU.Build.0 = Debug|Any CPU
		{589D03F1-A0D1-4421-ABEC-7F5D921AC409}.Release|Any CPU.ActiveCfg = Release|Any CPU
		{589D03F1-A0D1-4421-ABEC-7F5D921AC409}.Release|Any CPU.Build.0 = Release|Any CPU
	EndGlobalSection
EndGlobal
